// !$*UTF8*$!
{
	archiveVersion = 1;
	classes = {
	};
	objectVersion = 51;
	objects = {

/* Begin PBXBuildFile section */
		73B0EC2C24EE135C00A947CA /* GitHelper.swift in Sources */ = {isa = PBXBuildFile; fileRef = 73B0EC2B24EE135C00A947CA /* GitHelper.swift */; };
		73E9076824F43E4100329193 /* Yams.swift in Sources */ = {isa = PBXBuildFile; fileRef = 73E9076724F43E4100329193 /* Yams.swift */; };
		73E9076E24F601BE00329193 /* CustomTableCell.swift in Sources */ = {isa = PBXBuildFile; fileRef = 73E9076D24F601BE00329193 /* CustomTableCell.swift */; };
		73E9077024F753FD00329193 /* Compliance.swift in Sources */ = {isa = PBXBuildFile; fileRef = 73E9076F24F753FD00329193 /* Compliance.swift */; };
		73E9077224F9FAA600329193 /* Result+Extension.swift in Sources */ = {isa = PBXBuildFile; fileRef = 73E9077124F9FAA600329193 /* Result+Extension.swift */; };
		73E9077624F9FAB500329193 /* MSCPError.swift in Sources */ = {isa = PBXBuildFile; fileRef = 73E9077324F9FAB500329193 /* MSCPError.swift */; };
		73E9077724F9FAB500329193 /* HelperRemote.swift in Sources */ = {isa = PBXBuildFile; fileRef = 73E9077424F9FAB500329193 /* HelperRemote.swift */; };
		73E9077824F9FAB500329193 /* ExecutionService.swift in Sources */ = {isa = PBXBuildFile; fileRef = 73E9077524F9FAB500329193 /* ExecutionService.swift */; };
		73E9078024F9FAE000329193 /* main.swift in Sources */ = {isa = PBXBuildFile; fileRef = 73E9077F24F9FAE000329193 /* main.swift */; };
		73E9078C24F9FB2900329193 /* HelperProtocol.swift in Sources */ = {isa = PBXBuildFile; fileRef = 73E9078424F9FB2900329193 /* HelperProtocol.swift */; };
		73E9078D24F9FB2900329193 /* HelperConstants.swift in Sources */ = {isa = PBXBuildFile; fileRef = 73E9078524F9FB2900329193 /* HelperConstants.swift */; };
		73E9078F24F9FB2900329193 /* Launchd.plist in Resources */ = {isa = PBXBuildFile; fileRef = 73E9078724F9FB2900329193 /* Launchd.plist */; };
		73E9079024F9FB2900329193 /* Info.plist in Resources */ = {isa = PBXBuildFile; fileRef = 73E9078824F9FB2900329193 /* Info.plist */; };
		73E9079224F9FB2900329193 /* Helper.swift in Sources */ = {isa = PBXBuildFile; fileRef = 73E9078A24F9FB2900329193 /* Helper.swift */; };
		73E9079324F9FB2900329193 /* RemoteApplicationProtocol.swift in Sources */ = {isa = PBXBuildFile; fileRef = 73E9078B24F9FB2900329193 /* RemoteApplicationProtocol.swift */; };
		73E9079424F9FBAD00329193 /* Result+Extension.swift in Sources */ = {isa = PBXBuildFile; fileRef = 73E9077124F9FAA600329193 /* Result+Extension.swift */; };
		73E9079524F9FBEE00329193 /* MSCPError.swift in Sources */ = {isa = PBXBuildFile; fileRef = 73E9077324F9FAB500329193 /* MSCPError.swift */; };
		73E9079624F9FC1500329193 /* Helper.swift in Sources */ = {isa = PBXBuildFile; fileRef = 73E9078A24F9FB2900329193 /* Helper.swift */; };
		73E9079724F9FC1A00329193 /* ExecutionService.swift in Sources */ = {isa = PBXBuildFile; fileRef = 73E9078924F9FB2900329193 /* ExecutionService.swift */; };
		73E9079824F9FC2700329193 /* HelperConstants.swift in Sources */ = {isa = PBXBuildFile; fileRef = 73E9078524F9FB2900329193 /* HelperConstants.swift */; };
		73E9079924F9FC2D00329193 /* RemoteApplicationProtocol.swift in Sources */ = {isa = PBXBuildFile; fileRef = 73E9078B24F9FB2900329193 /* RemoteApplicationProtocol.swift */; };
		73E9079A24F9FC3300329193 /* HelperProtocol.swift in Sources */ = {isa = PBXBuildFile; fileRef = 73E9078424F9FB2900329193 /* HelperProtocol.swift */; };
		73E9079B24F9FC7F00329193 /* com.truetalentinc.MSCP.Helper in CopyFiles */ = {isa = PBXBuildFile; fileRef = 73E9077D24F9FAE000329193 /* com.truetalentinc.MSCP.Helper */; settings = {ATTRIBUTES = (CodeSignOnCopy, ); }; };
		73F67CFF24EE0E700088A85C /* AppDelegate.swift in Sources */ = {isa = PBXBuildFile; fileRef = 73F67CFE24EE0E700088A85C /* AppDelegate.swift */; };
		73F67D0124EE0E700088A85C /* ViewController.swift in Sources */ = {isa = PBXBuildFile; fileRef = 73F67D0024EE0E700088A85C /* ViewController.swift */; };
		73F67D0324EE0E710088A85C /* Assets.xcassets in Resources */ = {isa = PBXBuildFile; fileRef = 73F67D0224EE0E710088A85C /* Assets.xcassets */; };
		73F67D0624EE0E710088A85C /* Main.storyboard in Resources */ = {isa = PBXBuildFile; fileRef = 73F67D0424EE0E710088A85C /* Main.storyboard */; };
		73F67D1224EE0E710088A85C /* MSCPTests.swift in Sources */ = {isa = PBXBuildFile; fileRef = 73F67D1124EE0E710088A85C /* MSCPTests.swift */; };
		73F67D1D24EE0E710088A85C /* MSCPUITests.swift in Sources */ = {isa = PBXBuildFile; fileRef = 73F67D1C24EE0E710088A85C /* MSCPUITests.swift */; };
		7477980C7DE273344FB03B8F /* Pods_MSCPTests.framework in Frameworks */ = {isa = PBXBuildFile; fileRef = CDD673AC7194C852C470BAD5 /* Pods_MSCPTests.framework */; };
		7F04BA10C6311A887B245623 /* Pods_MSCP.framework in Frameworks */ = {isa = PBXBuildFile; fileRef = D897DBBC01B9D1C67967C2C4 /* Pods_MSCP.framework */; };
		B496B4B3CBA1B747CE8E7EBA /* Pods_MSCP_MSCPUITests.framework in Frameworks */ = {isa = PBXBuildFile; fileRef = CBEFC2233E1D51DD1B05D15C /* Pods_MSCP_MSCPUITests.framework */; };
/* End PBXBuildFile section */

/* Begin PBXContainerItemProxy section */
		73F67D0E24EE0E710088A85C /* PBXContainerItemProxy */ = {
			isa = PBXContainerItemProxy;
			containerPortal = 73F67CF324EE0E700088A85C /* Project object */;
			proxyType = 1;
			remoteGlobalIDString = 73F67CFA24EE0E700088A85C;
			remoteInfo = MSCP;
		};
		73F67D1924EE0E710088A85C /* PBXContainerItemProxy */ = {
			isa = PBXContainerItemProxy;
			containerPortal = 73F67CF324EE0E700088A85C /* Project object */;
			proxyType = 1;
			remoteGlobalIDString = 73F67CFA24EE0E700088A85C;
			remoteInfo = MSCP;
		};
/* End PBXContainerItemProxy section */

/* Begin PBXCopyFilesBuildPhase section */
		73E9077B24F9FAE000329193 /* CopyFiles */ = {
			isa = PBXCopyFilesBuildPhase;
			buildActionMask = 12;
			dstPath = MSCP.app/Contents/Library/LaunchServices;
			dstSubfolderSpec = 16;
			files = (
				73E9079B24F9FC7F00329193 /* com.truetalentinc.MSCP.Helper in CopyFiles */,
			);
			runOnlyForDeploymentPostprocessing = 0;
		};
/* End PBXCopyFilesBuildPhase section */

/* Begin PBXFileReference section */
		06998FF34FFF61A9CBF309DB /* Pods-MSCPTests.debug.xcconfig */ = {isa = PBXFileReference; includeInIndex = 1; lastKnownFileType = text.xcconfig; name = "Pods-MSCPTests.debug.xcconfig"; path = "Target Support Files/Pods-MSCPTests/Pods-MSCPTests.debug.xcconfig"; sourceTree = "<group>"; };
		49A835CBACC94851B617C514 /* Pods-MSCPTests.release.xcconfig */ = {isa = PBXFileReference; includeInIndex = 1; lastKnownFileType = text.xcconfig; name = "Pods-MSCPTests.release.xcconfig"; path = "Target Support Files/Pods-MSCPTests/Pods-MSCPTests.release.xcconfig"; sourceTree = "<group>"; };
		73B0EC2B24EE135C00A947CA /* GitHelper.swift */ = {isa = PBXFileReference; lastKnownFileType = sourcecode.swift; path = GitHelper.swift; sourceTree = "<group>"; };
		73E9076724F43E4100329193 /* Yams.swift */ = {isa = PBXFileReference; lastKnownFileType = sourcecode.swift; path = Yams.swift; sourceTree = "<group>"; };
		73E9076D24F601BE00329193 /* CustomTableCell.swift */ = {isa = PBXFileReference; lastKnownFileType = sourcecode.swift; path = CustomTableCell.swift; sourceTree = "<group>"; };
		73E9076F24F753FD00329193 /* Compliance.swift */ = {isa = PBXFileReference; lastKnownFileType = sourcecode.swift; path = Compliance.swift; sourceTree = "<group>"; };
		73E9077124F9FAA600329193 /* Result+Extension.swift */ = {isa = PBXFileReference; fileEncoding = 4; lastKnownFileType = sourcecode.swift; path = "Result+Extension.swift"; sourceTree = "<group>"; };
		73E9077324F9FAB500329193 /* MSCPError.swift */ = {isa = PBXFileReference; fileEncoding = 4; lastKnownFileType = sourcecode.swift; path = MSCPError.swift; sourceTree = "<group>"; };
		73E9077424F9FAB500329193 /* HelperRemote.swift */ = {isa = PBXFileReference; fileEncoding = 4; lastKnownFileType = sourcecode.swift; path = HelperRemote.swift; sourceTree = "<group>"; };
		73E9077524F9FAB500329193 /* ExecutionService.swift */ = {isa = PBXFileReference; fileEncoding = 4; lastKnownFileType = sourcecode.swift; path = ExecutionService.swift; sourceTree = "<group>"; };
		73E9077D24F9FAE000329193 /* com.truetalentinc.MSCP.Helper */ = {isa = PBXFileReference; explicitFileType = "compiled.mach-o.executable"; includeInIndex = 0; path = com.truetalentinc.MSCP.Helper; sourceTree = BUILT_PRODUCTS_DIR; };
		73E9077F24F9FAE000329193 /* main.swift */ = {isa = PBXFileReference; lastKnownFileType = sourcecode.swift; path = main.swift; sourceTree = "<group>"; };
		73E9078424F9FB2900329193 /* HelperProtocol.swift */ = {isa = PBXFileReference; fileEncoding = 4; lastKnownFileType = sourcecode.swift; path = HelperProtocol.swift; sourceTree = "<group>"; };
		73E9078524F9FB2900329193 /* HelperConstants.swift */ = {isa = PBXFileReference; fileEncoding = 4; lastKnownFileType = sourcecode.swift; path = HelperConstants.swift; sourceTree = "<group>"; };
		73E9078724F9FB2900329193 /* Launchd.plist */ = {isa = PBXFileReference; fileEncoding = 4; lastKnownFileType = text.plist.xml; path = Launchd.plist; sourceTree = "<group>"; };
		73E9078824F9FB2900329193 /* Info.plist */ = {isa = PBXFileReference; fileEncoding = 4; lastKnownFileType = text.plist.xml; path = Info.plist; sourceTree = "<group>"; };
		73E9078924F9FB2900329193 /* ExecutionService.swift */ = {isa = PBXFileReference; fileEncoding = 4; lastKnownFileType = sourcecode.swift; path = ExecutionService.swift; sourceTree = "<group>"; };
		73E9078A24F9FB2900329193 /* Helper.swift */ = {isa = PBXFileReference; fileEncoding = 4; lastKnownFileType = sourcecode.swift; path = Helper.swift; sourceTree = "<group>"; };
		73E9078B24F9FB2900329193 /* RemoteApplicationProtocol.swift */ = {isa = PBXFileReference; fileEncoding = 4; lastKnownFileType = sourcecode.swift; path = RemoteApplicationProtocol.swift; sourceTree = "<group>"; };
		73F67CFB24EE0E700088A85C /* MSCP.app */ = {isa = PBXFileReference; explicitFileType = wrapper.application; includeInIndex = 0; path = MSCP.app; sourceTree = BUILT_PRODUCTS_DIR; };
		73F67CFE24EE0E700088A85C /* AppDelegate.swift */ = {isa = PBXFileReference; lastKnownFileType = sourcecode.swift; path = AppDelegate.swift; sourceTree = "<group>"; };
		73F67D0024EE0E700088A85C /* ViewController.swift */ = {isa = PBXFileReference; lastKnownFileType = sourcecode.swift; path = ViewController.swift; sourceTree = "<group>"; };
		73F67D0224EE0E710088A85C /* Assets.xcassets */ = {isa = PBXFileReference; lastKnownFileType = folder.assetcatalog; path = Assets.xcassets; sourceTree = "<group>"; };
		73F67D0524EE0E710088A85C /* Base */ = {isa = PBXFileReference; lastKnownFileType = file.storyboard; name = Base; path = Base.lproj/Main.storyboard; sourceTree = "<group>"; };
		73F67D0724EE0E710088A85C /* Info.plist */ = {isa = PBXFileReference; lastKnownFileType = text.plist.xml; path = Info.plist; sourceTree = "<group>"; };
		73F67D0824EE0E710088A85C /* MSCP.entitlements */ = {isa = PBXFileReference; lastKnownFileType = text.plist.entitlements; path = MSCP.entitlements; sourceTree = "<group>"; };
		73F67D0D24EE0E710088A85C /* MSCPTests.xctest */ = {isa = PBXFileReference; explicitFileType = wrapper.cfbundle; includeInIndex = 0; path = MSCPTests.xctest; sourceTree = BUILT_PRODUCTS_DIR; };
		73F67D1124EE0E710088A85C /* MSCPTests.swift */ = {isa = PBXFileReference; lastKnownFileType = sourcecode.swift; path = MSCPTests.swift; sourceTree = "<group>"; };
		73F67D1324EE0E710088A85C /* Info.plist */ = {isa = PBXFileReference; lastKnownFileType = text.plist.xml; path = Info.plist; sourceTree = "<group>"; };
		73F67D1824EE0E710088A85C /* MSCPUITests.xctest */ = {isa = PBXFileReference; explicitFileType = wrapper.cfbundle; includeInIndex = 0; path = MSCPUITests.xctest; sourceTree = BUILT_PRODUCTS_DIR; };
		73F67D1C24EE0E710088A85C /* MSCPUITests.swift */ = {isa = PBXFileReference; lastKnownFileType = sourcecode.swift; path = MSCPUITests.swift; sourceTree = "<group>"; };
		73F67D1E24EE0E710088A85C /* Info.plist */ = {isa = PBXFileReference; lastKnownFileType = text.plist.xml; path = Info.plist; sourceTree = "<group>"; };
		7FAE763F390D75FA7D908CEB /* Pods-MSCP.debug.xcconfig */ = {isa = PBXFileReference; includeInIndex = 1; lastKnownFileType = text.xcconfig; name = "Pods-MSCP.debug.xcconfig"; path = "Target Support Files/Pods-MSCP/Pods-MSCP.debug.xcconfig"; sourceTree = "<group>"; };
		8A577DCDCDA8691DEB632CEE /* Pods-MSCP.release.xcconfig */ = {isa = PBXFileReference; includeInIndex = 1; lastKnownFileType = text.xcconfig; name = "Pods-MSCP.release.xcconfig"; path = "Target Support Files/Pods-MSCP/Pods-MSCP.release.xcconfig"; sourceTree = "<group>"; };
		BB6E2B786CE9E9A110B73186 /* Pods-MSCP-MSCPUITests.debug.xcconfig */ = {isa = PBXFileReference; includeInIndex = 1; lastKnownFileType = text.xcconfig; name = "Pods-MSCP-MSCPUITests.debug.xcconfig"; path = "Target Support Files/Pods-MSCP-MSCPUITests/Pods-MSCP-MSCPUITests.debug.xcconfig"; sourceTree = "<group>"; };
		CBEFC2233E1D51DD1B05D15C /* Pods_MSCP_MSCPUITests.framework */ = {isa = PBXFileReference; explicitFileType = wrapper.framework; includeInIndex = 0; path = Pods_MSCP_MSCPUITests.framework; sourceTree = BUILT_PRODUCTS_DIR; };
		CDD673AC7194C852C470BAD5 /* Pods_MSCPTests.framework */ = {isa = PBXFileReference; explicitFileType = wrapper.framework; includeInIndex = 0; path = Pods_MSCPTests.framework; sourceTree = BUILT_PRODUCTS_DIR; };
		D897DBBC01B9D1C67967C2C4 /* Pods_MSCP.framework */ = {isa = PBXFileReference; explicitFileType = wrapper.framework; includeInIndex = 0; path = Pods_MSCP.framework; sourceTree = BUILT_PRODUCTS_DIR; };
		ECC1E4133B19E1944D818FE9 /* Pods-MSCP-MSCPUITests.release.xcconfig */ = {isa = PBXFileReference; includeInIndex = 1; lastKnownFileType = text.xcconfig; name = "Pods-MSCP-MSCPUITests.release.xcconfig"; path = "Target Support Files/Pods-MSCP-MSCPUITests/Pods-MSCP-MSCPUITests.release.xcconfig"; sourceTree = "<group>"; };
/* End PBXFileReference section */

/* Begin PBXFrameworksBuildPhase section */
		73E9077A24F9FAE000329193 /* Frameworks */ = {
			isa = PBXFrameworksBuildPhase;
			buildActionMask = 2147483647;
			files = (
			);
			runOnlyForDeploymentPostprocessing = 0;
		};
		73F67CF824EE0E700088A85C /* Frameworks */ = {
			isa = PBXFrameworksBuildPhase;
			buildActionMask = 2147483647;
			files = (
				7F04BA10C6311A887B245623 /* Pods_MSCP.framework in Frameworks */,
			);
			runOnlyForDeploymentPostprocessing = 0;
		};
		73F67D0A24EE0E710088A85C /* Frameworks */ = {
			isa = PBXFrameworksBuildPhase;
			buildActionMask = 2147483647;
			files = (
				7477980C7DE273344FB03B8F /* Pods_MSCPTests.framework in Frameworks */,
			);
			runOnlyForDeploymentPostprocessing = 0;
		};
		73F67D1524EE0E710088A85C /* Frameworks */ = {
			isa = PBXFrameworksBuildPhase;
			buildActionMask = 2147483647;
			files = (
				B496B4B3CBA1B747CE8E7EBA /* Pods_MSCP_MSCPUITests.framework in Frameworks */,
			);
			runOnlyForDeploymentPostprocessing = 0;
		};
/* End PBXFrameworksBuildPhase section */

/* Begin PBXGroup section */
		48942600A2CDFB15C218D8C0 /* Frameworks */ = {
			isa = PBXGroup;
			children = (
				D897DBBC01B9D1C67967C2C4 /* Pods_MSCP.framework */,
				CBEFC2233E1D51DD1B05D15C /* Pods_MSCP_MSCPUITests.framework */,
				CDD673AC7194C852C470BAD5 /* Pods_MSCPTests.framework */,
			);
			name = Frameworks;
			sourceTree = "<group>";
		};
		6F0962A596257C99FE8FDB30 /* Pods */ = {
			isa = PBXGroup;
			children = (
				7FAE763F390D75FA7D908CEB /* Pods-MSCP.debug.xcconfig */,
				8A577DCDCDA8691DEB632CEE /* Pods-MSCP.release.xcconfig */,
				BB6E2B786CE9E9A110B73186 /* Pods-MSCP-MSCPUITests.debug.xcconfig */,
				ECC1E4133B19E1944D818FE9 /* Pods-MSCP-MSCPUITests.release.xcconfig */,
				06998FF34FFF61A9CBF309DB /* Pods-MSCPTests.debug.xcconfig */,
				49A835CBACC94851B617C514 /* Pods-MSCPTests.release.xcconfig */,
			);
			path = Pods;
			sourceTree = "<group>";
		};
		73E9077E24F9FAE000329193 /* Helper */ = {
			isa = PBXGroup;
			children = (
				73E9078924F9FB2900329193 /* ExecutionService.swift */,
				73E9078A24F9FB2900329193 /* Helper.swift */,
				73E9078524F9FB2900329193 /* HelperConstants.swift */,
				73E9078424F9FB2900329193 /* HelperProtocol.swift */,
				73E9078824F9FB2900329193 /* Info.plist */,
				73E9078724F9FB2900329193 /* Launchd.plist */,
				73E9078B24F9FB2900329193 /* RemoteApplicationProtocol.swift */,
				73E9077F24F9FAE000329193 /* main.swift */,
			);
			path = Helper;
			sourceTree = "<group>";
		};
		73F67CF224EE0E700088A85C = {
			isa = PBXGroup;
			children = (
				73F67CFD24EE0E700088A85C /* MSCP */,
				73F67D1024EE0E710088A85C /* MSCPTests */,
				73F67D1B24EE0E710088A85C /* MSCPUITests */,
				73E9077E24F9FAE000329193 /* Helper */,
				73F67CFC24EE0E700088A85C /* Products */,
				6F0962A596257C99FE8FDB30 /* Pods */,
				48942600A2CDFB15C218D8C0 /* Frameworks */,
			);
			sourceTree = "<group>";
		};
		73F67CFC24EE0E700088A85C /* Products */ = {
			isa = PBXGroup;
			children = (
				73F67CFB24EE0E700088A85C /* MSCP.app */,
				73F67D0D24EE0E710088A85C /* MSCPTests.xctest */,
				73F67D1824EE0E710088A85C /* MSCPUITests.xctest */,
				73E9077D24F9FAE000329193 /* com.truetalentinc.MSCP.Helper */,
			);
			name = Products;
			sourceTree = "<group>";
		};
		73F67CFD24EE0E700088A85C /* MSCP */ = {
			isa = PBXGroup;
			children = (
				73F67CFE24EE0E700088A85C /* AppDelegate.swift */,
				73E9076F24F753FD00329193 /* Compliance.swift */,
				73B0EC2B24EE135C00A947CA /* GitHelper.swift */,
				73E9076724F43E4100329193 /* Yams.swift */,
				73E9077524F9FAB500329193 /* ExecutionService.swift */,
				73E9077424F9FAB500329193 /* HelperRemote.swift */,
				73E9077324F9FAB500329193 /* MSCPError.swift */,
				73E9077124F9FAA600329193 /* Result+Extension.swift */,
				73F67D0024EE0E700088A85C /* ViewController.swift */,
				73F67D0224EE0E710088A85C /* Assets.xcassets */,
				73F67D0424EE0E710088A85C /* Main.storyboard */,
				73F67D0724EE0E710088A85C /* Info.plist */,
				73F67D0824EE0E710088A85C /* MSCP.entitlements */,
				73E9076D24F601BE00329193 /* CustomTableCell.swift */,
			);
			path = MSCP;
			sourceTree = "<group>";
		};
		73F67D1024EE0E710088A85C /* MSCPTests */ = {
			isa = PBXGroup;
			children = (
				73F67D1124EE0E710088A85C /* MSCPTests.swift */,
				73F67D1324EE0E710088A85C /* Info.plist */,
			);
			path = MSCPTests;
			sourceTree = "<group>";
		};
		73F67D1B24EE0E710088A85C /* MSCPUITests */ = {
			isa = PBXGroup;
			children = (
				73F67D1C24EE0E710088A85C /* MSCPUITests.swift */,
				73F67D1E24EE0E710088A85C /* Info.plist */,
			);
			path = MSCPUITests;
			sourceTree = "<group>";
		};
/* End PBXGroup section */

/* Begin PBXNativeTarget section */
		73E9077C24F9FAE000329193 /* com.truetalentinc.MSCP.Helper */ = {
			isa = PBXNativeTarget;
			buildConfigurationList = 73E9078124F9FAE000329193 /* Build configuration list for PBXNativeTarget "com.truetalentinc.MSCP.Helper" */;
			buildPhases = (
				73E9077924F9FAE000329193 /* Sources */,
				73E9077A24F9FAE000329193 /* Frameworks */,
				73E9077B24F9FAE000329193 /* CopyFiles */,
			);
			buildRules = (
			);
			dependencies = (
			);
			name = com.truetalentinc.MSCP.Helper;
			productName = helper;
			productReference = 73E9077D24F9FAE000329193 /* com.truetalentinc.MSCP.Helper */;
			productType = "com.apple.product-type.tool";
		};
		73F67CFA24EE0E700088A85C /* MSCP */ = {
			isa = PBXNativeTarget;
			buildConfigurationList = 73F67D2124EE0E710088A85C /* Build configuration list for PBXNativeTarget "MSCP" */;
			buildPhases = (
				9F71C775321A383701C8169F /* [CP] Check Pods Manifest.lock */,
				73F67CF724EE0E700088A85C /* Sources */,
				73F67CF824EE0E700088A85C /* Frameworks */,
				73F67CF924EE0E700088A85C /* Resources */,
				BDA3E09965FCDF8B6E9F5917 /* [CP] Embed Pods Frameworks */,
			);
			buildRules = (
			);
			dependencies = (
			);
			name = MSCP;
			productName = MSCP;
			productReference = 73F67CFB24EE0E700088A85C /* MSCP.app */;
			productType = "com.apple.product-type.application";
		};
		73F67D0C24EE0E710088A85C /* MSCPTests */ = {
			isa = PBXNativeTarget;
			buildConfigurationList = 73F67D2424EE0E710088A85C /* Build configuration list for PBXNativeTarget "MSCPTests" */;
			buildPhases = (
				EB7F5EB125CFEC0873E61383 /* [CP] Check Pods Manifest.lock */,
				73F67D0924EE0E710088A85C /* Sources */,
				73F67D0A24EE0E710088A85C /* Frameworks */,
				73F67D0B24EE0E710088A85C /* Resources */,
			);
			buildRules = (
			);
			dependencies = (
				73F67D0F24EE0E710088A85C /* PBXTargetDependency */,
			);
			name = MSCPTests;
			productName = MSCPTests;
			productReference = 73F67D0D24EE0E710088A85C /* MSCPTests.xctest */;
			productType = "com.apple.product-type.bundle.unit-test";
		};
		73F67D1724EE0E710088A85C /* MSCPUITests */ = {
			isa = PBXNativeTarget;
			buildConfigurationList = 73F67D2724EE0E710088A85C /* Build configuration list for PBXNativeTarget "MSCPUITests" */;
			buildPhases = (
				A67006CE8C3D214B3DA19D71 /* [CP] Check Pods Manifest.lock */,
				73F67D1424EE0E710088A85C /* Sources */,
				73F67D1524EE0E710088A85C /* Frameworks */,
				73F67D1624EE0E710088A85C /* Resources */,
				0D247A0BF410D5722897C415 /* [CP] Embed Pods Frameworks */,
			);
			buildRules = (
			);
			dependencies = (
				73F67D1A24EE0E710088A85C /* PBXTargetDependency */,
			);
			name = MSCPUITests;
			productName = MSCPUITests;
			productReference = 73F67D1824EE0E710088A85C /* MSCPUITests.xctest */;
			productType = "com.apple.product-type.bundle.ui-testing";
		};
/* End PBXNativeTarget section */

/* Begin PBXProject section */
		73F67CF324EE0E700088A85C /* Project object */ = {
			isa = PBXProject;
			attributes = {
				LastSwiftUpdateCheck = 1160;
				LastUpgradeCheck = 1160;
				ORGANIZATIONNAME = "Bob Gendler";
				TargetAttributes = {
					73E9077C24F9FAE000329193 = {
						CreatedOnToolsVersion = 11.6;
					};
					73F67CFA24EE0E700088A85C = {
						CreatedOnToolsVersion = 11.6;
					};
					73F67D0C24EE0E710088A85C = {
						CreatedOnToolsVersion = 11.6;
						TestTargetID = 73F67CFA24EE0E700088A85C;
					};
					73F67D1724EE0E710088A85C = {
						CreatedOnToolsVersion = 11.6;
						TestTargetID = 73F67CFA24EE0E700088A85C;
					};
				};
			};
			buildConfigurationList = 73F67CF624EE0E700088A85C /* Build configuration list for PBXProject "MSCP" */;
			compatibilityVersion = "Xcode 9.3";
			developmentRegion = en;
			hasScannedForEncodings = 0;
			knownRegions = (
				en,
				Base,
			);
			mainGroup = 73F67CF224EE0E700088A85C;
			productRefGroup = 73F67CFC24EE0E700088A85C /* Products */;
			projectDirPath = "";
			projectRoot = "";
			targets = (
				73F67CFA24EE0E700088A85C /* MSCP */,
				73F67D0C24EE0E710088A85C /* MSCPTests */,
				73F67D1724EE0E710088A85C /* MSCPUITests */,
				73E9077C24F9FAE000329193 /* com.truetalentinc.MSCP.Helper */,
			);
		};
/* End PBXProject section */

/* Begin PBXResourcesBuildPhase section */
		73F67CF924EE0E700088A85C /* Resources */ = {
			isa = PBXResourcesBuildPhase;
			buildActionMask = 2147483647;
			files = (
				73E9079024F9FB2900329193 /* Info.plist in Resources */,
				73E9078F24F9FB2900329193 /* Launchd.plist in Resources */,
				73F67D0324EE0E710088A85C /* Assets.xcassets in Resources */,
				73F67D0624EE0E710088A85C /* Main.storyboard in Resources */,
			);
			runOnlyForDeploymentPostprocessing = 0;
		};
		73F67D0B24EE0E710088A85C /* Resources */ = {
			isa = PBXResourcesBuildPhase;
			buildActionMask = 2147483647;
			files = (
			);
			runOnlyForDeploymentPostprocessing = 0;
		};
		73F67D1624EE0E710088A85C /* Resources */ = {
			isa = PBXResourcesBuildPhase;
			buildActionMask = 2147483647;
			files = (
			);
			runOnlyForDeploymentPostprocessing = 0;
		};
/* End PBXResourcesBuildPhase section */

/* Begin PBXShellScriptBuildPhase section */
		0D247A0BF410D5722897C415 /* [CP] Embed Pods Frameworks */ = {
			isa = PBXShellScriptBuildPhase;
			buildActionMask = 2147483647;
			files = (
			);
			inputFileListPaths = (
				"${PODS_ROOT}/Target Support Files/Pods-MSCP-MSCPUITests/Pods-MSCP-MSCPUITests-frameworks-${CONFIGURATION}-input-files.xcfilelist",
			);
			name = "[CP] Embed Pods Frameworks";
			outputFileListPaths = (
				"${PODS_ROOT}/Target Support Files/Pods-MSCP-MSCPUITests/Pods-MSCP-MSCPUITests-frameworks-${CONFIGURATION}-output-files.xcfilelist",
			);
			runOnlyForDeploymentPostprocessing = 0;
			shellPath = /bin/sh;
			shellScript = "\"${PODS_ROOT}/Target Support Files/Pods-MSCP-MSCPUITests/Pods-MSCP-MSCPUITests-frameworks.sh\"\n";
			showEnvVarsInLog = 0;
		};
		9F71C775321A383701C8169F /* [CP] Check Pods Manifest.lock */ = {
			isa = PBXShellScriptBuildPhase;
			buildActionMask = 2147483647;
			files = (
			);
			inputFileListPaths = (
			);
			inputPaths = (
				"${PODS_PODFILE_DIR_PATH}/Podfile.lock",
				"${PODS_ROOT}/Manifest.lock",
			);
			name = "[CP] Check Pods Manifest.lock";
			outputFileListPaths = (
			);
			outputPaths = (
				"$(DERIVED_FILE_DIR)/Pods-MSCP-checkManifestLockResult.txt",
			);
			runOnlyForDeploymentPostprocessing = 0;
			shellPath = /bin/sh;
			shellScript = "diff \"${PODS_PODFILE_DIR_PATH}/Podfile.lock\" \"${PODS_ROOT}/Manifest.lock\" > /dev/null\nif [ $? != 0 ] ; then\n    # print error to STDERR\n    echo \"error: The sandbox is not in sync with the Podfile.lock. Run 'pod install' or update your CocoaPods installation.\" >&2\n    exit 1\nfi\n# This output is used by Xcode 'outputs' to avoid re-running this script phase.\necho \"SUCCESS\" > \"${SCRIPT_OUTPUT_FILE_0}\"\n";
			showEnvVarsInLog = 0;
		};
		A67006CE8C3D214B3DA19D71 /* [CP] Check Pods Manifest.lock */ = {
			isa = PBXShellScriptBuildPhase;
			buildActionMask = 2147483647;
			files = (
			);
			inputFileListPaths = (
			);
			inputPaths = (
				"${PODS_PODFILE_DIR_PATH}/Podfile.lock",
				"${PODS_ROOT}/Manifest.lock",
			);
			name = "[CP] Check Pods Manifest.lock";
			outputFileListPaths = (
			);
			outputPaths = (
				"$(DERIVED_FILE_DIR)/Pods-MSCP-MSCPUITests-checkManifestLockResult.txt",
			);
			runOnlyForDeploymentPostprocessing = 0;
			shellPath = /bin/sh;
			shellScript = "diff \"${PODS_PODFILE_DIR_PATH}/Podfile.lock\" \"${PODS_ROOT}/Manifest.lock\" > /dev/null\nif [ $? != 0 ] ; then\n    # print error to STDERR\n    echo \"error: The sandbox is not in sync with the Podfile.lock. Run 'pod install' or update your CocoaPods installation.\" >&2\n    exit 1\nfi\n# This output is used by Xcode 'outputs' to avoid re-running this script phase.\necho \"SUCCESS\" > \"${SCRIPT_OUTPUT_FILE_0}\"\n";
			showEnvVarsInLog = 0;
		};
		BDA3E09965FCDF8B6E9F5917 /* [CP] Embed Pods Frameworks */ = {
			isa = PBXShellScriptBuildPhase;
			buildActionMask = 2147483647;
			files = (
			);
			inputFileListPaths = (
				"${PODS_ROOT}/Target Support Files/Pods-MSCP/Pods-MSCP-frameworks-${CONFIGURATION}-input-files.xcfilelist",
			);
			name = "[CP] Embed Pods Frameworks";
			outputFileListPaths = (
				"${PODS_ROOT}/Target Support Files/Pods-MSCP/Pods-MSCP-frameworks-${CONFIGURATION}-output-files.xcfilelist",
			);
			runOnlyForDeploymentPostprocessing = 0;
			shellPath = /bin/sh;
			shellScript = "\"${PODS_ROOT}/Target Support Files/Pods-MSCP/Pods-MSCP-frameworks.sh\"\n";
			showEnvVarsInLog = 0;
		};
		EB7F5EB125CFEC0873E61383 /* [CP] Check Pods Manifest.lock */ = {
			isa = PBXShellScriptBuildPhase;
			buildActionMask = 2147483647;
			files = (
			);
			inputFileListPaths = (
			);
			inputPaths = (
				"${PODS_PODFILE_DIR_PATH}/Podfile.lock",
				"${PODS_ROOT}/Manifest.lock",
			);
			name = "[CP] Check Pods Manifest.lock";
			outputFileListPaths = (
			);
			outputPaths = (
				"$(DERIVED_FILE_DIR)/Pods-MSCPTests-checkManifestLockResult.txt",
			);
			runOnlyForDeploymentPostprocessing = 0;
			shellPath = /bin/sh;
			shellScript = "diff \"${PODS_PODFILE_DIR_PATH}/Podfile.lock\" \"${PODS_ROOT}/Manifest.lock\" > /dev/null\nif [ $? != 0 ] ; then\n    # print error to STDERR\n    echo \"error: The sandbox is not in sync with the Podfile.lock. Run 'pod install' or update your CocoaPods installation.\" >&2\n    exit 1\nfi\n# This output is used by Xcode 'outputs' to avoid re-running this script phase.\necho \"SUCCESS\" > \"${SCRIPT_OUTPUT_FILE_0}\"\n";
			showEnvVarsInLog = 0;
		};
/* End PBXShellScriptBuildPhase section */

/* Begin PBXSourcesBuildPhase section */
		73E9077924F9FAE000329193 /* Sources */ = {
			isa = PBXSourcesBuildPhase;
			buildActionMask = 2147483647;
			files = (
				73E9079524F9FBEE00329193 /* MSCPError.swift in Sources */,
				73E9079A24F9FC3300329193 /* HelperProtocol.swift in Sources */,
				73E9079824F9FC2700329193 /* HelperConstants.swift in Sources */,
				73E9079924F9FC2D00329193 /* RemoteApplicationProtocol.swift in Sources */,
				73E9079424F9FBAD00329193 /* Result+Extension.swift in Sources */,
				73E9078024F9FAE000329193 /* main.swift in Sources */,
				73E9079724F9FC1A00329193 /* ExecutionService.swift in Sources */,
				73E9079624F9FC1500329193 /* Helper.swift in Sources */,
			);
			runOnlyForDeploymentPostprocessing = 0;
		};
		73F67CF724EE0E700088A85C /* Sources */ = {
			isa = PBXSourcesBuildPhase;
			buildActionMask = 2147483647;
			files = (
				73E9078C24F9FB2900329193 /* HelperProtocol.swift in Sources */,
				73E9079224F9FB2900329193 /* Helper.swift in Sources */,
				73E9078D24F9FB2900329193 /* HelperConstants.swift in Sources */,
				73B0EC2C24EE135C00A947CA /* GitHelper.swift in Sources */,
				73E9076E24F601BE00329193 /* CustomTableCell.swift in Sources */,
				73E9077624F9FAB500329193 /* MSCPError.swift in Sources */,
				73F67D0124EE0E700088A85C /* ViewController.swift in Sources */,
				73F67CFF24EE0E700088A85C /* AppDelegate.swift in Sources */,
				73E9077724F9FAB500329193 /* HelperRemote.swift in Sources */,
				73E9077024F753FD00329193 /* Compliance.swift in Sources */,
				73E9079324F9FB2900329193 /* RemoteApplicationProtocol.swift in Sources */,
				73E9076824F43E4100329193 /* Yams.swift in Sources */,
				73E9077824F9FAB500329193 /* ExecutionService.swift in Sources */,
				73E9077224F9FAA600329193 /* Result+Extension.swift in Sources */,
			);
			runOnlyForDeploymentPostprocessing = 0;
		};
		73F67D0924EE0E710088A85C /* Sources */ = {
			isa = PBXSourcesBuildPhase;
			buildActionMask = 2147483647;
			files = (
				73F67D1224EE0E710088A85C /* MSCPTests.swift in Sources */,
			);
			runOnlyForDeploymentPostprocessing = 0;
		};
		73F67D1424EE0E710088A85C /* Sources */ = {
			isa = PBXSourcesBuildPhase;
			buildActionMask = 2147483647;
			files = (
				73F67D1D24EE0E710088A85C /* MSCPUITests.swift in Sources */,
			);
			runOnlyForDeploymentPostprocessing = 0;
		};
/* End PBXSourcesBuildPhase section */

/* Begin PBXTargetDependency section */
		73F67D0F24EE0E710088A85C /* PBXTargetDependency */ = {
			isa = PBXTargetDependency;
			target = 73F67CFA24EE0E700088A85C /* MSCP */;
			targetProxy = 73F67D0E24EE0E710088A85C /* PBXContainerItemProxy */;
		};
		73F67D1A24EE0E710088A85C /* PBXTargetDependency */ = {
			isa = PBXTargetDependency;
			target = 73F67CFA24EE0E700088A85C /* MSCP */;
			targetProxy = 73F67D1924EE0E710088A85C /* PBXContainerItemProxy */;
		};
/* End PBXTargetDependency section */

/* Begin PBXVariantGroup section */
		73F67D0424EE0E710088A85C /* Main.storyboard */ = {
			isa = PBXVariantGroup;
			children = (
				73F67D0524EE0E710088A85C /* Base */,
			);
			name = Main.storyboard;
			sourceTree = "<group>";
		};
/* End PBXVariantGroup section */

/* Begin XCBuildConfiguration section */
		73E9078224F9FAE000329193 /* Debug */ = {
			isa = XCBuildConfiguration;
			buildSettings = {
				CODE_SIGN_IDENTITY = "Mac Developer";
				CODE_SIGN_STYLE = Automatic;
				DEVELOPMENT_TEAM = 2WUMX954UB;
				ENABLE_HARDENED_RUNTIME = YES;
				OTHER_LDFLAGS = (
					"-sectcreate",
					__TEXT,
					__info_plist,
					"\"$(SRCROOT)/Helper/Info.plist\"",
					"-sectcreate",
					__TEXT,
					__launchd_plist,
					"\"$(SRCROOT)/Helper/Launchd.plist\"",
				);
				PRODUCT_NAME = "$(TARGET_NAME)";
				SWIFT_VERSION = 5.0;
			};
			name = Debug;
		};
		73E9078324F9FAE000329193 /* Release */ = {
			isa = XCBuildConfiguration;
			buildSettings = {
				CODE_SIGN_IDENTITY = "Mac Developer";
				CODE_SIGN_STYLE = Automatic;
				DEVELOPMENT_TEAM = 2WUMX954UB;
				ENABLE_HARDENED_RUNTIME = YES;
				OTHER_LDFLAGS = (
					"-sectcreate",
					__TEXT,
					__info_plist,
					"\"$(SRCROOT)/Helper/Info.plist\"",
					"-sectcreate",
					__TEXT,
					__launchd_plist,
					"\"$(SRCROOT)/Helper/Launchd.plist\"",
				);
				PRODUCT_NAME = "$(TARGET_NAME)";
				SWIFT_VERSION = 5.0;
			};
			name = Release;
		};
		73F67D1F24EE0E710088A85C /* Debug */ = {
			isa = XCBuildConfiguration;
			buildSettings = {
				ALWAYS_SEARCH_USER_PATHS = NO;
				CLANG_ANALYZER_NONNULL = YES;
				CLANG_ANALYZER_NUMBER_OBJECT_CONVERSION = YES_AGGRESSIVE;
				CLANG_CXX_LANGUAGE_STANDARD = "gnu++14";
				CLANG_CXX_LIBRARY = "libc++";
				CLANG_ENABLE_MODULES = YES;
				CLANG_ENABLE_OBJC_ARC = YES;
				CLANG_ENABLE_OBJC_WEAK = YES;
				CLANG_WARN_BLOCK_CAPTURE_AUTORELEASING = YES;
				CLANG_WARN_BOOL_CONVERSION = YES;
				CLANG_WARN_COMMA = YES;
				CLANG_WARN_CONSTANT_CONVERSION = YES;
				CLANG_WARN_DEPRECATED_OBJC_IMPLEMENTATIONS = YES;
				CLANG_WARN_DIRECT_OBJC_ISA_USAGE = YES_ERROR;
				CLANG_WARN_DOCUMENTATION_COMMENTS = YES;
				CLANG_WARN_EMPTY_BODY = YES;
				CLANG_WARN_ENUM_CONVERSION = YES;
				CLANG_WARN_INFINITE_RECURSION = YES;
				CLANG_WARN_INT_CONVERSION = YES;
				CLANG_WARN_NON_LITERAL_NULL_CONVERSION = YES;
				CLANG_WARN_OBJC_IMPLICIT_RETAIN_SELF = YES;
				CLANG_WARN_OBJC_LITERAL_CONVERSION = YES;
				CLANG_WARN_OBJC_ROOT_CLASS = YES_ERROR;
				CLANG_WARN_RANGE_LOOP_ANALYSIS = YES;
				CLANG_WARN_STRICT_PROTOTYPES = YES;
				CLANG_WARN_SUSPICIOUS_MOVE = YES;
				CLANG_WARN_UNGUARDED_AVAILABILITY = YES_AGGRESSIVE;
				CLANG_WARN_UNREACHABLE_CODE = YES;
				CLANG_WARN__DUPLICATE_METHOD_MATCH = YES;
				COPY_PHASE_STRIP = NO;
				DEBUG_INFORMATION_FORMAT = dwarf;
				ENABLE_STRICT_OBJC_MSGSEND = YES;
				ENABLE_TESTABILITY = YES;
				GCC_C_LANGUAGE_STANDARD = gnu11;
				GCC_DYNAMIC_NO_PIC = NO;
				GCC_NO_COMMON_BLOCKS = YES;
				GCC_OPTIMIZATION_LEVEL = 0;
				GCC_PREPROCESSOR_DEFINITIONS = (
					"DEBUG=1",
					"$(inherited)",
				);
				GCC_WARN_64_TO_32_BIT_CONVERSION = YES;
				GCC_WARN_ABOUT_RETURN_TYPE = YES_ERROR;
				GCC_WARN_UNDECLARED_SELECTOR = YES;
				GCC_WARN_UNINITIALIZED_AUTOS = YES_AGGRESSIVE;
				GCC_WARN_UNUSED_FUNCTION = YES;
				GCC_WARN_UNUSED_VARIABLE = YES;
				MACOSX_DEPLOYMENT_TARGET = 10.15;
				MTL_ENABLE_DEBUG_INFO = INCLUDE_SOURCE;
				MTL_FAST_MATH = YES;
				ONLY_ACTIVE_ARCH = YES;
				SDKROOT = macosx;
				SWIFT_ACTIVE_COMPILATION_CONDITIONS = DEBUG;
				SWIFT_OPTIMIZATION_LEVEL = "-Onone";
			};
			name = Debug;
		};
		73F67D2024EE0E710088A85C /* Release */ = {
			isa = XCBuildConfiguration;
			buildSettings = {
				ALWAYS_SEARCH_USER_PATHS = NO;
				CLANG_ANALYZER_NONNULL = YES;
				CLANG_ANALYZER_NUMBER_OBJECT_CONVERSION = YES_AGGRESSIVE;
				CLANG_CXX_LANGUAGE_STANDARD = "gnu++14";
				CLANG_CXX_LIBRARY = "libc++";
				CLANG_ENABLE_MODULES = YES;
				CLANG_ENABLE_OBJC_ARC = YES;
				CLANG_ENABLE_OBJC_WEAK = YES;
				CLANG_WARN_BLOCK_CAPTURE_AUTORELEASING = YES;
				CLANG_WARN_BOOL_CONVERSION = YES;
				CLANG_WARN_COMMA = YES;
				CLANG_WARN_CONSTANT_CONVERSION = YES;
				CLANG_WARN_DEPRECATED_OBJC_IMPLEMENTATIONS = YES;
				CLANG_WARN_DIRECT_OBJC_ISA_USAGE = YES_ERROR;
				CLANG_WARN_DOCUMENTATION_COMMENTS = YES;
				CLANG_WARN_EMPTY_BODY = YES;
				CLANG_WARN_ENUM_CONVERSION = YES;
				CLANG_WARN_INFINITE_RECURSION = YES;
				CLANG_WARN_INT_CONVERSION = YES;
				CLANG_WARN_NON_LITERAL_NULL_CONVERSION = YES;
				CLANG_WARN_OBJC_IMPLICIT_RETAIN_SELF = YES;
				CLANG_WARN_OBJC_LITERAL_CONVERSION = YES;
				CLANG_WARN_OBJC_ROOT_CLASS = YES_ERROR;
				CLANG_WARN_RANGE_LOOP_ANALYSIS = YES;
				CLANG_WARN_STRICT_PROTOTYPES = YES;
				CLANG_WARN_SUSPICIOUS_MOVE = YES;
				CLANG_WARN_UNGUARDED_AVAILABILITY = YES_AGGRESSIVE;
				CLANG_WARN_UNREACHABLE_CODE = YES;
				CLANG_WARN__DUPLICATE_METHOD_MATCH = YES;
				COPY_PHASE_STRIP = NO;
				DEBUG_INFORMATION_FORMAT = "dwarf-with-dsym";
				ENABLE_NS_ASSERTIONS = NO;
				ENABLE_STRICT_OBJC_MSGSEND = YES;
				GCC_C_LANGUAGE_STANDARD = gnu11;
				GCC_NO_COMMON_BLOCKS = YES;
				GCC_WARN_64_TO_32_BIT_CONVERSION = YES;
				GCC_WARN_ABOUT_RETURN_TYPE = YES_ERROR;
				GCC_WARN_UNDECLARED_SELECTOR = YES;
				GCC_WARN_UNINITIALIZED_AUTOS = YES_AGGRESSIVE;
				GCC_WARN_UNUSED_FUNCTION = YES;
				GCC_WARN_UNUSED_VARIABLE = YES;
				MACOSX_DEPLOYMENT_TARGET = 10.15;
				MTL_ENABLE_DEBUG_INFO = NO;
				MTL_FAST_MATH = YES;
				SDKROOT = macosx;
				SWIFT_COMPILATION_MODE = wholemodule;
				SWIFT_OPTIMIZATION_LEVEL = "-O";
			};
			name = Release;
		};
		73F67D2224EE0E710088A85C /* Debug */ = {
			isa = XCBuildConfiguration;
			baseConfigurationReference = 7FAE763F390D75FA7D908CEB /* Pods-MSCP.debug.xcconfig */;
			buildSettings = {
				ASSETCATALOG_COMPILER_APPICON_NAME = AppIcon;
				CODE_SIGN_ENTITLEMENTS = MSCP/MSCP.entitlements;
				CODE_SIGN_IDENTITY = "Mac Developer";
				CODE_SIGN_STYLE = Automatic;
				COMBINE_HIDPI_IMAGES = YES;
				DEVELOPMENT_TEAM = 2WUMX954UB;
				ENABLE_HARDENED_RUNTIME = YES;
				INFOPLIST_FILE = MSCP/Info.plist;
				LD_RUNPATH_SEARCH_PATHS = (
					"$(inherited)",
					"@executable_path/../Frameworks",
				);
				PRODUCT_BUNDLE_IDENTIFIER = com.truetalentinc.MSCP;
				PRODUCT_NAME = "$(TARGET_NAME)";
				SWIFT_VERSION = 5.0;
			};
			name = Debug;
		};
		73F67D2324EE0E710088A85C /* Release */ = {
			isa = XCBuildConfiguration;
			baseConfigurationReference = 8A577DCDCDA8691DEB632CEE /* Pods-MSCP.release.xcconfig */;
			buildSettings = {
				ASSETCATALOG_COMPILER_APPICON_NAME = AppIcon;
				CODE_SIGN_ENTITLEMENTS = MSCP/MSCP.entitlements;
				CODE_SIGN_IDENTITY = "Mac Developer";
				CODE_SIGN_STYLE = Automatic;
				COMBINE_HIDPI_IMAGES = YES;
				DEVELOPMENT_TEAM = 2WUMX954UB;
				ENABLE_HARDENED_RUNTIME = YES;
				INFOPLIST_FILE = MSCP/Info.plist;
				LD_RUNPATH_SEARCH_PATHS = (
					"$(inherited)",
					"@executable_path/../Frameworks",
				);
				PRODUCT_BUNDLE_IDENTIFIER = com.truetalentinc.MSCP;
				PRODUCT_NAME = "$(TARGET_NAME)";
				SWIFT_VERSION = 5.0;
			};
			name = Release;
		};
		73F67D2524EE0E710088A85C /* Debug */ = {
			isa = XCBuildConfiguration;
			baseConfigurationReference = 06998FF34FFF61A9CBF309DB /* Pods-MSCPTests.debug.xcconfig */;
			buildSettings = {
				ALWAYS_EMBED_SWIFT_STANDARD_LIBRARIES = YES;
				BUNDLE_LOADER = "$(TEST_HOST)";
				CODE_SIGN_STYLE = Automatic;
				COMBINE_HIDPI_IMAGES = YES;
				DEVELOPMENT_TEAM = 2WUMX954UB;
				INFOPLIST_FILE = MSCPTests/Info.plist;
				LD_RUNPATH_SEARCH_PATHS = (
					"$(inherited)",
					"@executable_path/../Frameworks",
					"@loader_path/../Frameworks",
				);
				MACOSX_DEPLOYMENT_TARGET = 10.15;
				PRODUCT_BUNDLE_IDENTIFIER = com.truetalentinc.MSCPTests;
				PRODUCT_NAME = "$(TARGET_NAME)";
				SWIFT_VERSION = 5.0;
				TEST_HOST = "$(BUILT_PRODUCTS_DIR)/MSCP.app/Contents/MacOS/MSCP";
			};
			name = Debug;
		};
		73F67D2624EE0E710088A85C /* Release */ = {
			isa = XCBuildConfiguration;
			baseConfigurationReference = 49A835CBACC94851B617C514 /* Pods-MSCPTests.release.xcconfig */;
			buildSettings = {
				ALWAYS_EMBED_SWIFT_STANDARD_LIBRARIES = YES;
				BUNDLE_LOADER = "$(TEST_HOST)";
				CODE_SIGN_STYLE = Automatic;
				COMBINE_HIDPI_IMAGES = YES;
				DEVELOPMENT_TEAM = 2WUMX954UB;
				INFOPLIST_FILE = MSCPTests/Info.plist;
				LD_RUNPATH_SEARCH_PATHS = (
					"$(inherited)",
					"@executable_path/../Frameworks",
					"@loader_path/../Frameworks",
				);
				MACOSX_DEPLOYMENT_TARGET = 10.15;
				PRODUCT_BUNDLE_IDENTIFIER = com.truetalentinc.MSCPTests;
				PRODUCT_NAME = "$(TARGET_NAME)";
				SWIFT_VERSION = 5.0;
				TEST_HOST = "$(BUILT_PRODUCTS_DIR)/MSCP.app/Contents/MacOS/MSCP";
			};
			name = Release;
		};
		73F67D2824EE0E710088A85C /* Debug */ = {
			isa = XCBuildConfiguration;
			baseConfigurationReference = BB6E2B786CE9E9A110B73186 /* Pods-MSCP-MSCPUITests.debug.xcconfig */;
			buildSettings = {
				ALWAYS_EMBED_SWIFT_STANDARD_LIBRARIES = YES;
				CODE_SIGN_STYLE = Automatic;
				COMBINE_HIDPI_IMAGES = YES;
				DEVELOPMENT_TEAM = 2WUMX954UB;
				INFOPLIST_FILE = MSCPUITests/Info.plist;
				LD_RUNPATH_SEARCH_PATHS = (
					"$(inherited)",
					"@executable_path/../Frameworks",
					"@loader_path/../Frameworks",
				);
				PRODUCT_BUNDLE_IDENTIFIER = com.truetalentinc.MSCPUITests;
				PRODUCT_NAME = "$(TARGET_NAME)";
				SWIFT_VERSION = 5.0;
				TEST_TARGET_NAME = MSCP;
			};
			name = Debug;
		};
		73F67D2924EE0E710088A85C /* Release */ = {
			isa = XCBuildConfiguration;
			baseConfigurationReference = ECC1E4133B19E1944D818FE9 /* Pods-MSCP-MSCPUITests.release.xcconfig */;
			buildSettings = {
				ALWAYS_EMBED_SWIFT_STANDARD_LIBRARIES = YES;
				CODE_SIGN_STYLE = Automatic;
				COMBINE_HIDPI_IMAGES = YES;
				DEVELOPMENT_TEAM = 2WUMX954UB;
				INFOPLIST_FILE = MSCPUITests/Info.plist;
				LD_RUNPATH_SEARCH_PATHS = (
					"$(inherited)",
					"@executable_path/../Frameworks",
					"@loader_path/../Frameworks",
				);
				PRODUCT_BUNDLE_IDENTIFIER = com.truetalentinc.MSCPUITests;
				PRODUCT_NAME = "$(TARGET_NAME)";
				SWIFT_VERSION = 5.0;
				TEST_TARGET_NAME = MSCP;
			};
			name = Release;
		};
/* End XCBuildConfiguration section */

/* Begin XCConfigurationList section */
		73E9078124F9FAE000329193 /* Build configuration list for PBXNativeTarget "com.truetalentinc.MSCP.Helper" */ = {
			isa = XCConfigurationList;
			buildConfigurations = (
				73E9078224F9FAE000329193 /* Debug */,
				73E9078324F9FAE000329193 /* Release */,
			);
			defaultConfigurationIsVisible = 0;
			defaultConfigurationName = Release;
		};
		73F67CF624EE0E700088A85C /* Build configuration list for PBXProject "MSCP" */ = {
			isa = XCConfigurationList;
			buildConfigurations = (
				73F67D1F24EE0E710088A85C /* Debug */,
				73F67D2024EE0E710088A85C /* Release */,
			);
			defaultConfigurationIsVisible = 0;
			defaultConfigurationName = Release;
		};
		73F67D2124EE0E710088A85C /* Build configuration list for PBXNativeTarget "MSCP" */ = {
			isa = XCConfigurationList;
			buildConfigurations = (
				73F67D2224EE0E710088A85C /* Debug */,
				73F67D2324EE0E710088A85C /* Release */,
			);
			defaultConfigurationIsVisible = 0;
			defaultConfigurationName = Release;
		};
		73F67D2424EE0E710088A85C /* Build configuration list for PBXNativeTarget "MSCPTests" */ = {
			isa = XCConfigurationList;
			buildConfigurations = (
				73F67D2524EE0E710088A85C /* Debug */,
				73F67D2624EE0E710088A85C /* Release */,
			);
			defaultConfigurationIsVisible = 0;
			defaultConfigurationName = Release;
		};
		73F67D2724EE0E710088A85C /* Build configuration list for PBXNativeTarget "MSCPUITests" */ = {
			isa = XCConfigurationList;
			buildConfigurations = (
				73F67D2824EE0E710088A85C /* Debug */,
				73F67D2924EE0E710088A85C /* Release */,
			);
			defaultConfigurationIsVisible = 0;
			defaultConfigurationName = Release;
		};
/* End XCConfigurationList section */
	};
	rootObject = 73F67CF324EE0E700088A85C /* Project object */;
}
